
Microsoft Visual Studio Solution File, Format Version 12.00
# Visual Studio Version 17
VisualStudioVersion = 17.10.34916.146
MinimumVisualStudioVersion = 10.0.40219.1
Project("{FAE04EC0-301F-11D3-BF4B-00C04F79EFBC}") = "Change letter", "Change letter\Change letter.csproj", "{8E144F95-F7B3-4446-BFFE-C853791D86D8}"
EndProject
Global
	GlobalSection(SolutionConfigurationPlatforms) = preSolution
		Debug|Any CPU = Debug|Any CPU
		Release|Any CPU = Release|Any CPU
	EndGlobalSection
	GlobalSection(ProjectConfigurationPlatforms) = postSolution
		{8E144F95-F7B3-4446-BFFE-C853791D86D8}.Debug|Any CPU.ActiveCfg = Debug|Any CPU
		{8E144F95-F7B3-4446-BFFE-C853791D86D8}.Debug|Any CPU.Build.0 = Debug|Any CPU
		{8E144F95-F7B3-4446-BFFE-C853791D86D8}.Release|Any CPU.ActiveCfg = Release|Any CPU
		{8E144F95-F7B3-4446-BFFE-C853791D86D8}.Release|Any CPU.Build.0 = Release|Any CPU
	EndGlobalSection
	GlobalSection(SolutionProperties) = preSolution
		HideSolutionNode = FALSE
	EndGlobalSection
	GlobalSection(ExtensibilityGlobals) = postSolution
		SolutionGuid = {E1D5E49B-51F7-460B-8532-610BD7B9DEC3}
	EndGlobalSection
EndGlobal
