
Microsoft Visual Studio Solution File, Format Version 12.00
# Visual Studio Version 17
VisualStudioVersion = 17.10.34916.146
MinimumVisualStudioVersion = 10.0.40219.1
Project("{FAE04EC0-301F-11D3-BF4B-00C04F79EFBC}") = "Calculate Damage", "Calculate Damage\Calculate Damage.csproj", "{68795129-2194-4574-9138-03438FAF3C06}"
EndProject
Global
	GlobalSection(SolutionConfigurationPlatforms) = preSolution
		Debug|Any CPU = Debug|Any CPU
		Release|Any CPU = Release|Any CPU
	EndGlobalSection
	GlobalSection(ProjectConfigurationPlatforms) = postSolution
		{68795129-2194-4574-9138-03438FAF3C06}.Debug|Any CPU.ActiveCfg = Debug|Any CPU
		{68795129-2194-4574-9138-03438FAF3C06}.Debug|Any CPU.Build.0 = Debug|Any CPU
		{68795129-2194-4574-9138-03438FAF3C06}.Release|Any CPU.ActiveCfg = Release|Any CPU
		{68795129-2194-4574-9138-03438FAF3C06}.Release|Any CPU.Build.0 = Release|Any CPU
	EndGlobalSection
	GlobalSection(SolutionProperties) = preSolution
		HideSolutionNode = FALSE
	EndGlobalSection
	GlobalSection(ExtensibilityGlobals) = postSolution
		SolutionGuid = {32A5FFD6-9686-42D7-B033-729C3462E2BD}
	EndGlobalSection
EndGlobal
